
Microsoft Visual Studio Solution File, Format Version 12.00
# Visual Studio 2013
VisualStudioVersion = 12.0.0.0
MinimumVisualStudioVersion = 10.0.0.1
Project("{FAE04EC0-301F-11D3-BF4B-00C04F79EFBC}") = "ZeitPlan", "ZeitPlan\ZeitPlan.csproj", "{6E1632D4-B62B-4596-9376-1353C1E4FB85}"
EndProject
Project("{42C826D1-060B-445D-B65B-D6FF17877502}") = "ZeitPlan.Model", "ZeitPlan.Model\ZeitPlan.Model.csproj", "{198900D2-1FAA-4C68-8361-5B278623EB95}"
EndProject
Project("{89122344-D02E-479E-8B03-332727A8251B}") = "ZeitPlan.Core", "ZeitPlan.Core\ZeitPlan.Core.csproj", "{BF68998D-C462-4926-8D6B-3A25C16E2358}"
EndProject
Project("{8F1928BB-7F29-45F7-81B6-E49915D140AC}") = "ZeitPlanTest", "ZeitPlanTest\ZeitPlanTest.csproj", "{AD147297-1ED5-4C24-BD94-9CDE0B8FF4FE}"
EndProject
Global
	GlobalSection(SolutionConfigurationPlatforms) = preSolution
		Debug|Any CPU = Debug|Any CPU
		Release|Any CPU = Release|Any CPU
	EndGlobalSection
	GlobalSection(ProjectConfigurationPlatforms) = postSolution
		{6E1632D4-B62B-4596-9376-1353C1E4FB85}.Debug|Any CPU.ActiveCfg = Debug|Any CPU
		{6E1632D4-B62B-4596-9376-1353C1E4FB85}.Debug|Any CPU.Build.0 = Debug|Any CPU
		{6E1632D4-B62B-4596-9376-1353C1E4FB85}.Release|Any CPU.ActiveCfg = Release|Any CPU
		{6E1632D4-B62B-4596-9376-1353C1E4FB85}.Release|Any CPU.Build.0 = Release|Any CPU
		{198900D2-1FAA-4C68-8361-5B278623EB95}.Debug|Any CPU.ActiveCfg = Debug|Any CPU
		{198900D2-1FAA-4C68-8361-5B278623EB95}.Debug|Any CPU.Build.0 = Debug|Any CPU
		{198900D2-1FAA-4C68-8361-5B278623EB95}.Release|Any CPU.ActiveCfg = Release|Any CPU
		{198900D2-1FAA-4C68-8361-5B278623EB95}.Release|Any CPU.Build.0 = Release|Any CPU
		{BF68998D-C462-4926-8D6B-3A25C16E2358}.Debug|Any CPU.ActiveCfg = Debug|Any CPU
		{BF68998D-C462-4926-8D6B-3A25C16E2358}.Debug|Any CPU.Build.0 = Debug|Any CPU
		{BF68998D-C462-4926-8D6B-3A25C16E2358}.Release|Any CPU.ActiveCfg = Release|Any CPU
		{BF68998D-C462-4926-8D6B-3A25C16E2358}.Release|Any CPU.Build.0 = Release|Any CPU
		{AD147297-1ED5-4C24-BD94-9CDE0B8FF4FE}.Debug|Any CPU.ActiveCfg = Debug|Any CPU
		{AD147297-1ED5-4C24-BD94-9CDE0B8FF4FE}.Debug|Any CPU.Build.0 = Debug|Any CPU
		{AD147297-1ED5-4C24-BD94-9CDE0B8FF4FE}.Release|Any CPU.ActiveCfg = Release|Any CPU
		{AD147297-1ED5-4C24-BD94-9CDE0B8FF4FE}.Release|Any CPU.Build.0 = Release|Any CPU
	EndGlobalSection
	GlobalSection(SolutionProperties) = preSolution
		HideSolutionNode = FALSE
	EndGlobalSection
EndGlobal
